
Microsoft Visual Studio Solution File, Format Version 12.00
# Visual Studio Version 17
VisualStudioVersion = 17.14.36518.9 d17.14
MinimumVisualStudioVersion = 10.0.40219.1
Project("{FAE04EC0-301F-11D3-BF4B-00C04F79EFBC}") = "DelegateExample", "DelegateExample\DelegateExample.csproj", "{36721BA7-15E3-4984-A66C-8D64C728F217}"
EndProject
Global
	GlobalSection(SolutionConfigurationPlatforms) = preSolution
		Debug|Any CPU = Debug|Any CPU
		Release|Any CPU = Release|Any CPU
	EndGlobalSection
	GlobalSection(ProjectConfigurationPlatforms) = postSolution
		{36721BA7-15E3-4984-A66C-8D64C728F217}.Debug|Any CPU.ActiveCfg = Debug|Any CPU
		{36721BA7-15E3-4984-A66C-8D64C728F217}.Debug|Any CPU.Build.0 = Debug|Any CPU
		{36721BA7-15E3-4984-A66C-8D64C728F217}.Release|Any CPU.ActiveCfg = Release|Any CPU
		{36721BA7-15E3-4984-A66C-8D64C728F217}.Release|Any CPU.Build.0 = Release|Any CPU
	EndGlobalSection
	GlobalSection(SolutionProperties) = preSolution
		HideSolutionNode = FALSE
	EndGlobalSection
	GlobalSection(ExtensibilityGlobals) = postSolution
		SolutionGuid = {7F1EF073-C1E8-4912-BDDA-5FB9A8FF552C}
	EndGlobalSection
EndGlobal
